
Microsoft Visual Studio Solution File, Format Version 12.00
# Visual Studio Version 17
VisualStudioVersion = 17.0.32014.148
MinimumVisualStudioVersion = 10.0.40219.1
Project("{9A19103F-16F7-4668-BE54-9A1E7A4F7556}") = "01_ExcellentGrade", "01_ExcellentGrade\01_ExcellentGrade.csproj", "{D4478A61-A967-439B-806A-C83C62C54CD8}"
EndProject
Project("{FAE04EC0-301F-11D3-BF4B-00C04F79EFBC}") = "02_BiggerNumber", "02_BiggerNumber\02_BiggerNumber.csproj", "{5A5760EC-5CE0-43DD-9C70-C5E8FE87E093}"
EndProject
Project("{FAE04EC0-301F-11D3-BF4B-00C04F79EFBC}") = "03_EvenOddNumber", "03_EvenOddNumber\03_EvenOddNumber.csproj", "{A9DA29F6-056D-43AC-BFDB-8536028554C2}"
EndProject
Project("{FAE04EC0-301F-11D3-BF4B-00C04F79EFBC}") = "04_PasswordGuesser", "04_PasswordGuesser\04_PasswordGuesser.csproj", "{9C4D43AE-B65B-4897-828E-907F42EB90CD}"
EndProject
Project("{FAE04EC0-301F-11D3-BF4B-00C04F79EFBC}") = "05_100To200", "05_100To200\05_100To200.csproj", "{01DECFFB-91E8-431B-8A2A-C81663EAE71F}"
EndProject
Project("{FAE04EC0-301F-11D3-BF4B-00C04F79EFBC}") = "06_SpeedChecker", "06_SpeedChecker\06_SpeedChecker.csproj", "{E9CDB165-1456-4594-ADC6-7A87AFBBDD84}"
EndProject
Project("{FAE04EC0-301F-11D3-BF4B-00C04F79EFBC}") = "07_FiguresArea", "07_FiguresArea\07_FiguresArea.csproj", "{A99AC9BA-FA21-45F9-BB16-4A6A3011EA54}"
EndProject
Global
	GlobalSection(SolutionConfigurationPlatforms) = preSolution
		Debug|Any CPU = Debug|Any CPU
		Release|Any CPU = Release|Any CPU
	EndGlobalSection
	GlobalSection(ProjectConfigurationPlatforms) = postSolution
		{D4478A61-A967-439B-806A-C83C62C54CD8}.Debug|Any CPU.ActiveCfg = Debug|Any CPU
		{D4478A61-A967-439B-806A-C83C62C54CD8}.Debug|Any CPU.Build.0 = Debug|Any CPU
		{D4478A61-A967-439B-806A-C83C62C54CD8}.Release|Any CPU.ActiveCfg = Release|Any CPU
		{D4478A61-A967-439B-806A-C83C62C54CD8}.Release|Any CPU.Build.0 = Release|Any CPU
		{5A5760EC-5CE0-43DD-9C70-C5E8FE87E093}.Debug|Any CPU.ActiveCfg = Debug|Any CPU
		{5A5760EC-5CE0-43DD-9C70-C5E8FE87E093}.Debug|Any CPU.Build.0 = Debug|Any CPU
		{5A5760EC-5CE0-43DD-9C70-C5E8FE87E093}.Release|Any CPU.ActiveCfg = Release|Any CPU
		{5A5760EC-5CE0-43DD-9C70-C5E8FE87E093}.Release|Any CPU.Build.0 = Release|Any CPU
		{A9DA29F6-056D-43AC-BFDB-8536028554C2}.Debug|Any CPU.ActiveCfg = Debug|Any CPU
		{A9DA29F6-056D-43AC-BFDB-8536028554C2}.Debug|Any CPU.Build.0 = Debug|Any CPU
		{A9DA29F6-056D-43AC-BFDB-8536028554C2}.Release|Any CPU.ActiveCfg = Release|Any CPU
		{A9DA29F6-056D-43AC-BFDB-8536028554C2}.Release|Any CPU.Build.0 = Release|Any CPU
		{9C4D43AE-B65B-4897-828E-907F42EB90CD}.Debug|Any CPU.ActiveCfg = Debug|Any CPU
		{9C4D43AE-B65B-4897-828E-907F42EB90CD}.Debug|Any CPU.Build.0 = Debug|Any CPU
		{9C4D43AE-B65B-4897-828E-907F42EB90CD}.Release|Any CPU.ActiveCfg = Release|Any CPU
		{9C4D43AE-B65B-4897-828E-907F42EB90CD}.Release|Any CPU.Build.0 = Release|Any CPU
		{01DECFFB-91E8-431B-8A2A-C81663EAE71F}.Debug|Any CPU.ActiveCfg = Debug|Any CPU
		{01DECFFB-91E8-431B-8A2A-C81663EAE71F}.Debug|Any CPU.Build.0 = Debug|Any CPU
		{01DECFFB-91E8-431B-8A2A-C81663EAE71F}.Release|Any CPU.ActiveCfg = Release|Any CPU
		{01DECFFB-91E8-431B-8A2A-C81663EAE71F}.Release|Any CPU.Build.0 = Release|Any CPU
		{E9CDB165-1456-4594-ADC6-7A87AFBBDD84}.Debug|Any CPU.ActiveCfg = Debug|Any CPU
		{E9CDB165-1456-4594-ADC6-7A87AFBBDD84}.Debug|Any CPU.Build.0 = Debug|Any CPU
		{E9CDB165-1456-4594-ADC6-7A87AFBBDD84}.Release|Any CPU.ActiveCfg = Release|Any CPU
		{E9CDB165-1456-4594-ADC6-7A87AFBBDD84}.Release|Any CPU.Build.0 = Release|Any CPU
		{A99AC9BA-FA21-45F9-BB16-4A6A3011EA54}.Debug|Any CPU.ActiveCfg = Debug|Any CPU
		{A99AC9BA-FA21-45F9-BB16-4A6A3011EA54}.Debug|Any CPU.Build.0 = Debug|Any CPU
		{A99AC9BA-FA21-45F9-BB16-4A6A3011EA54}.Release|Any CPU.ActiveCfg = Release|Any CPU
		{A99AC9BA-FA21-45F9-BB16-4A6A3011EA54}.Release|Any CPU.Build.0 = Release|Any CPU
	EndGlobalSection
	GlobalSection(SolutionProperties) = preSolution
		HideSolutionNode = FALSE
	EndGlobalSection
	GlobalSection(ExtensibilityGlobals) = postSolution
		SolutionGuid = {00C48A32-1BF3-4F41-BD17-BAFC00BD1B5F}
	EndGlobalSection
EndGlobal
